
Microsoft Visual Studio Solution File, Format Version 12.00
# Visual Studio Version 16
VisualStudioVersion = 16.0.30523.141
MinimumVisualStudioVersion = 10.0.40219.1
Project("{FAE04EC0-301F-11D3-BF4B-00C04F79EFBC}") = "Yu-gi-Oh Shop", "Yu-gi-Oh Shop\Yu-gi-Oh Shop.csproj", "{3308F8F3-D0CC-4A5E-84A2-86416A798C1A}"
EndProject
Global
	GlobalSection(SolutionConfigurationPlatforms) = preSolution
		Debug|Any CPU = Debug|Any CPU
		Release|Any CPU = Release|Any CPU
	EndGlobalSection
	GlobalSection(ProjectConfigurationPlatforms) = postSolution
		{3308F8F3-D0CC-4A5E-84A2-86416A798C1A}.Debug|Any CPU.ActiveCfg = Debug|Any CPU
		{3308F8F3-D0CC-4A5E-84A2-86416A798C1A}.Debug|Any CPU.Build.0 = Debug|Any CPU
		{3308F8F3-D0CC-4A5E-84A2-86416A798C1A}.Release|Any CPU.ActiveCfg = Release|Any CPU
		{3308F8F3-D0CC-4A5E-84A2-86416A798C1A}.Release|Any CPU.Build.0 = Release|Any CPU
	EndGlobalSection
	GlobalSection(SolutionProperties) = preSolution
		HideSolutionNode = FALSE
	EndGlobalSection
	GlobalSection(ExtensibilityGlobals) = postSolution
		SolutionGuid = {84592559-E78D-4758-9848-259CFF5021CD}
	EndGlobalSection
EndGlobal
